
Microsoft Visual Studio Solution File, Format Version 12.00
# Visual Studio Version 16
VisualStudioVersion = 16.0.28803.156
MinimumVisualStudioVersion = 10.0.40219.1
Project("{FAE04EC0-301F-11D3-BF4B-00C04F79EFBC}") = "OpenE-GUI", "GUI\OpenE-GUI.csproj", "{13B5BB2D-3C7F-42D4-9202-902E818600FB}"
EndProject
Project("{FAE04EC0-301F-11D3-BF4B-00C04F79EFBC}") = "Compiler", "Compiler\Compiler.csproj", "{10DB0EE1-69F9-4668-AD09-109952D627CB}"
EndProject
Global
	GlobalSection(SolutionConfigurationPlatforms) = preSolution
		Debug|Any CPU = Debug|Any CPU
		Release|Any CPU = Release|Any CPU
	EndGlobalSection
	GlobalSection(ProjectConfigurationPlatforms) = postSolution
		{13B5BB2D-3C7F-42D4-9202-902E818600FB}.Debug|Any CPU.ActiveCfg = Debug|Any CPU
		{13B5BB2D-3C7F-42D4-9202-902E818600FB}.Debug|Any CPU.Build.0 = Debug|Any CPU
		{13B5BB2D-3C7F-42D4-9202-902E818600FB}.Release|Any CPU.ActiveCfg = Release|Any CPU
		{13B5BB2D-3C7F-42D4-9202-902E818600FB}.Release|Any CPU.Build.0 = Release|Any CPU
		{10DB0EE1-69F9-4668-AD09-109952D627CB}.Debug|Any CPU.ActiveCfg = Debug|Any CPU
		{10DB0EE1-69F9-4668-AD09-109952D627CB}.Debug|Any CPU.Build.0 = Debug|Any CPU
		{10DB0EE1-69F9-4668-AD09-109952D627CB}.Release|Any CPU.ActiveCfg = Release|Any CPU
		{10DB0EE1-69F9-4668-AD09-109952D627CB}.Release|Any CPU.Build.0 = Release|Any CPU
	EndGlobalSection
	GlobalSection(SolutionProperties) = preSolution
		HideSolutionNode = FALSE
	EndGlobalSection
	GlobalSection(ExtensibilityGlobals) = postSolution
		SolutionGuid = {6C766627-98FF-492A-90D9-0C02097F2F12}
	EndGlobalSection
EndGlobal
